{
  "version": 4,
  "terraform_version": "1.14.9",
  "serial": 1,
  "lineage": "a1b2c3d4-e5f6-7890-abcd-ef1234567890",
  "outputs": {},
  "resources": [
    {
      "mode": "managed",
      "type": "local_file",
      "name": "database",
      "provider": "provider[\"registry.terraform.io/hashicorp/local\"]",
      "instances": [
        {
          "schema_version": 0,
          "attributes": {
            "content": "database-connection-string",
            "content_base64": null,
            "content_base64sha256": "abc123",
            "content_base64sha512": "def456",
            "content_md5": "aabbccdd",
            "content_sha1": "1234567890abcdef1234567890abcdef12345678",
            "content_sha256": "aabbccdd11223344",
            "content_sha512": "aabbccdd1122334455667788",
            "directory_permission": "0777",
            "file_permission": "0777",
            "filename": "./out/database.txt",
            "id": "1234567890abcdef1234567890abcdef12345678",
            "sensitive_content": null,
            "source": null
          },
          "sensitive_attributes": [
            [
              {
                "type": "get_attr",
                "value": "sensitive_content"
              }
            ]
          ],
          "identity_schema_version": 0
        }
      ]
    },
    {
      "mode": "managed",
      "type": "local_file",
      "name": "app_config",
      "provider": "provider[\"registry.terraform.io/hashicorp/local\"]",
      "instances": [
        {
          "schema_version": 0,
          "attributes": {
            "content": "database-connection-string",
            "content_base64": null,
            "content_base64sha256": "abc123",
            "content_base64sha512": "def456",
            "content_md5": "aabbccdd",
            "content_sha1": "2234567890abcdef1234567890abcdef12345678",
            "content_sha256": "aabbccdd11223344",
            "content_sha512": "aabbccdd1122334455667788",
            "directory_permission": "0777",
            "file_permission": "0777",
            "filename": "./out/app_config.txt",
            "id": "2234567890abcdef1234567890abcdef12345678",
            "sensitive_content": null,
            "source": null
          },
          "sensitive_attributes": [
            [
              {
                "type": "get_attr",
                "value": "sensitive_content"
              }
            ]
          ],
          "identity_schema_version": 0
        }
      ]
    },
    {
      "mode": "managed",
      "type": "local_file",
      "name": "backup",
      "provider": "provider[\"registry.terraform.io/hashicorp/local\"]",
      "instances": [
        {
          "schema_version": 0,
          "attributes": {
            "content": "backup-of-database-connection-string",
            "content_base64": null,
            "content_base64sha256": "abc123",
            "content_base64sha512": "def456",
            "content_md5": "aabbccdd",
            "content_sha1": "3234567890abcdef1234567890abcdef12345678",
            "content_sha256": "aabbccdd11223344",
            "content_sha512": "aabbccdd1122334455667788",
            "directory_permission": "0777",
            "file_permission": "0777",
            "filename": "./out/backup.txt",
            "id": "3234567890abcdef1234567890abcdef12345678",
            "sensitive_content": null,
            "source": null
          },
          "sensitive_attributes": [
            [
              {
                "type": "get_attr",
                "value": "sensitive_content"
              }
            ]
          ],
          "identity_schema_version": 0
        }
      ]
    },
    {
      "mode": "managed",
      "type": "local_file",
      "name": "web_server",
      "provider": "provider[\"registry.terraform.io/hashicorp/local\"]",
      "instances": [
        {
          "schema_version": 0,
          "attributes": {
            "content": "server-using-database-connection-string",
            "content_base64": null,
            "content_base64sha256": "abc123",
            "content_base64sha512": "def456",
            "content_md5": "aabbccdd",
            "content_sha1": "4234567890abcdef1234567890abcdef12345678",
            "content_sha256": "aabbccdd11223344",
            "content_sha512": "aabbccdd1122334455667788",
            "directory_permission": "0777",
            "file_permission": "0777",
            "filename": "./out/web_server.txt",
            "id": "4234567890abcdef1234567890abcdef12345678",
            "sensitive_content": null,
            "source": null
          },
          "sensitive_attributes": [
            [
              {
                "type": "get_attr",
                "value": "sensitive_content"
              }
            ]
          ],
          "identity_schema_version": 0
        }
      ]
    },
    {
      "mode": "managed",
      "type": "local_file",
      "name": "independent",
      "provider": "provider[\"registry.terraform.io/hashicorp/local\"]",
      "instances": [
        {
          "schema_version": 0,
          "attributes": {
            "content": "standalone",
            "content_base64": null,
            "content_base64sha256": "abc123",
            "content_base64sha512": "def456",
            "content_md5": "aabbccdd",
            "content_sha1": "5234567890abcdef1234567890abcdef12345678",
            "content_sha256": "aabbccdd11223344",
            "content_sha512": "aabbccdd1122334455667788",
            "directory_permission": "0777",
            "file_permission": "0777",
            "filename": "./out/independent.txt",
            "id": "5234567890abcdef1234567890abcdef12345678",
            "sensitive_content": null,
            "source": null
          },
          "sensitive_attributes": [
            [
              {
                "type": "get_attr",
                "value": "sensitive_content"
              }
            ]
          ],
          "identity_schema_version": 0
        }
      ]
    }
  ],
  "check_results": null
}
