{
  "version": 4,
  "terraform_version": "1.14.9",
  "serial": 1,
  "lineage": "73cdbdcd-c8ff-540b-76fb-76b09e931207",
  "outputs": {},
  "resources": [
    {
      "mode": "managed",
      "type": "local_file",
      "name": "stable",
      "provider": "provider[\"registry.terraform.io/hashicorp/local\"]",
      "instances": [
        {
          "schema_version": 0,
          "attributes": {
            "content": "unchanged",
            "content_base64": null,
            "content_base64sha256": "qqjTyNdK0+j2sXcqqcfg6qUoy0L8k1mc4vElsA1MQkw=",
            "content_base64sha512": "idscyHQ764uehgZN4HUHmqgKVT+pt50FYzCZn6WE88MVhqPlM1bzu1z0/81yqb3iK13F31DftF8jwdY2+zg7rg==",
            "content_md5": "8d7b3d6b83c0a517eac07e1aac94b773",
            "content_sha1": "8012ff51a005eaa8ed8f4c08ccdce580f462fff6",
            "content_sha256": "aaa8d3c8d74ad3e8f6b1772aa9c7e0eaa528cb42fc93599ce2f125b00d4c424c",
            "content_sha512": "89db1cc8743beb8b9e86064de075079aa80a553fa9b79d056330999fa584f3c31586a3e53356f3bb5cf4ffcd72a9bde22b5dc5df50dfb45f23c1d636fb383bae",
            "directory_permission": "0777",
            "file_permission": "0777",
            "filename": "./out/stable.txt",
            "id": "8012ff51a005eaa8ed8f4c08ccdce580f462fff6",
            "sensitive_content": null,
            "source": null
          },
          "sensitive_attributes": [
            [
              {
                "type": "get_attr",
                "value": "sensitive_content"
              }
            ]
          ],
          "identity_schema_version": 0
        }
      ]
    }
  ],
  "check_results": null
}
