{
  "version": 4,
  "terraform_version": "1.14.9",
  "serial": 1,
  "lineage": "7d65c4f3-83f0-a13e-ff5b-3400a3994a31",
  "outputs": {},
  "resources": [
    {
      "mode": "managed",
      "type": "local_file",
      "name": "one",
      "provider": "provider[\"registry.terraform.io/hashicorp/local\"]",
      "instances": [
        {
          "schema_version": 0,
          "attributes": {
            "content": "one",
            "content_base64": null,
            "content_base64sha256": "dpLDrTVAu4A8Ags67mbNiIcSMjTqDG5xQ8Ct1z/0Me0=",
            "content_base64sha512": "BfcDQQeKz2oG1CPSFyD5ZD1flTYm2IoCY23DqeeVgq6wyCCFf9P43FAqqDYNLI+pephf2ltim4CcrRj/ti04mQ==",
            "content_md5": "f97c5d29941bfb1b2fdab0874906ab82",
            "content_sha1": "fe05bcdcdc4928012781a5f1a2a77cbb5398e106",
            "content_sha256": "7692c3ad3540bb803c020b3aee66cd8887123234ea0c6e7143c0add73ff431ed",
            "content_sha512": "05f70341078acf6a06d423d21720f9643d5f953626d88a02636dc3a9e79582aeb0c820857fd3f8dc502aa8360d2c8fa97a985fda5b629b809cad18ffb62d3899",
            "directory_permission": "0777",
            "file_permission": "0777",
            "filename": "./out/one.txt",
            "id": "fe05bcdcdc4928012781a5f1a2a77cbb5398e106",
            "sensitive_content": null,
            "source": null
          },
          "sensitive_attributes": [
            [
              {
                "type": "get_attr",
                "value": "sensitive_content"
              }
            ]
          ],
          "identity_schema_version": 0
        }
      ]
    },
    {
      "mode": "managed",
      "type": "local_file",
      "name": "two",
      "provider": "provider[\"registry.terraform.io/hashicorp/local\"]",
      "instances": [
        {
          "schema_version": 0,
          "attributes": {
            "content": "two",
            "content_base64": null,
            "content_base64sha256": "P8TM/nRYcOLA2Z9x8w/wZWyN7dQcwdfT03aw2+aF4vM=",
            "content_base64sha512": "ko1Q0eJNq3zKYs/oT83Pn8aVFgonj5G1wK8itwnYL4qjtJVbPem6bQoOt9ky3GTE1cY/wt6HRBrS5bkp+bZ8Xg==",
            "content_md5": "b8a9f715dbb64fd5c56e7783c6820a61",
            "content_sha1": "ad782ecdac770fc6eb9a62e44f90873fb97fb26b",
            "content_sha256": "3fc4ccfe745870e2c0d99f71f30ff0656c8dedd41cc1d7d3d376b0dbe685e2f3",
            "content_sha512": "928d50d1e24dab7cca62cfe84fcdcf9fc695160a278f91b5c0af22b709d82f8aa3b4955b3de9ba6d0a0eb7d932dc64c4d5c63fc2de87441ad2e5b929f9b67c5e",
            "directory_permission": "0777",
            "file_permission": "0777",
            "filename": "./out/two.txt",
            "id": "ad782ecdac770fc6eb9a62e44f90873fb97fb26b",
            "sensitive_content": null,
            "source": null
          },
          "sensitive_attributes": [
            [
              {
                "type": "get_attr",
                "value": "sensitive_content"
              }
            ]
          ],
          "identity_schema_version": 0
        }
      ]
    }
  ],
  "check_results": null
}
