{
  "version": 4,
  "terraform_version": "1.14.9",
  "serial": 1,
  "lineage": "8f8c92a6-d039-eb8d-73c0-211f0a6bd3c2",
  "outputs": {},
  "resources": [
    {
      "mode": "managed",
      "type": "local_file",
      "name": "moved",
      "provider": "provider[\"registry.terraform.io/hashicorp/local\"]",
      "instances": [
        {
          "schema_version": 0,
          "attributes": {
            "content": "same content",
            "content_base64": null,
            "content_base64sha256": "pja9fNQgYKTQf6G/vMAQ63eUwrpyHh4+TCAzWhW2bq8=",
            "content_base64sha512": "WNcwoX5VZn5Oj6t4TCeLikvkXZeNrZMdK8bDo65XBsdTI0RUbO4Sgf7ncGUbwuRn2STZ4X+0LFIx+2Z8qxx/iw==",
            "content_md5": "793953ee398d864ec40252df9554c3e6",
            "content_sha1": "6352ab6b14233af72836a02b08190a493089eb9a",
            "content_sha256": "a636bd7cd42060a4d07fa1bfbcc010eb7794c2ba721e1e3e4c20335a15b66eaf",
            "content_sha512": "58d730a17e55667e4e8fab784c278b8a4be45d978dad931d2bc6c3a3ae5706c7532344546cee1281fee770651bc2e467d924d9e17fb42c5231fb667cab1c7f8b",
            "directory_permission": "0777",
            "file_permission": "0777",
            "filename": "./out/old-location.txt",
            "id": "6352ab6b14233af72836a02b08190a493089eb9a",
            "sensitive_content": null,
            "source": null
          },
          "sensitive_attributes": [
            [
              {
                "type": "get_attr",
                "value": "sensitive_content"
              }
            ]
          ],
          "identity_schema_version": 0
        }
      ]
    }
  ],
  "check_results": null
}
