{
  "version": 4,
  "terraform_version": "1.14.9",
  "serial": 1,
  "lineage": "c650fcbf-caa0-bc57-73be-03cb0b3f406f",
  "outputs": {},
  "resources": [
    {
      "mode": "managed",
      "type": "local_file",
      "name": "to_remove",
      "provider": "provider[\"registry.terraform.io/hashicorp/local\"]",
      "instances": [
        {
          "schema_version": 0,
          "attributes": {
            "content": "will be deleted",
            "content_base64": null,
            "content_base64sha256": "GoZ5LQjvzmJ05wewXald03O97NtCkAOXOd7RHOgemrw=",
            "content_base64sha512": "seIwB1yvP9nOLLHry+kFFch/x+6vt4yPDtgQsW+uFQkEnxNfqoG9D+Sl1BjjtHsgSPtMOHQXqm/7GbJ0WX6tMw==",
            "content_md5": "1e55b165212d6a84f650e46875bd0276",
            "content_sha1": "e571c826eac1b5f94e029af383c250750a717507",
            "content_sha256": "1a86792d08efce6274e707b05da95dd373bdecdb4290039739ded11ce81e9abc",
            "content_sha512": "b1e230075caf3fd9ce2cb1ebcbe90515c87fc7eeafb78c8f0ed810b16fae1509049f135faa81bd0fe4a5d418e3b47b2048fb4c387417aa6ffb19b274597ead33",
            "directory_permission": "0777",
            "file_permission": "0777",
            "filename": "./out/to_remove.txt",
            "id": "e571c826eac1b5f94e029af383c250750a717507",
            "sensitive_content": null,
            "source": null
          },
          "sensitive_attributes": [
            [
              {
                "type": "get_attr",
                "value": "sensitive_content"
              }
            ]
          ],
          "identity_schema_version": 0
        }
      ]
    }
  ],
  "check_results": null
}
